// !$*UTF8*$!
{
	archiveVersion = 1;
	classes = {
	};
	objectVersion = 52;
	objects = {

/* Begin PBXBuildFile section */
		9F009B802674B22100A1FAF2 /* WikiImageListResponse.swift in Sources */ = {isa = PBXBuildFile; fileRef = 9F009B7F2674B22100A1FAF2 /* WikiImageListResponse.swift */; };
		9F009B822675D2B500A1FAF2 /* WikiImageListResponseTests.swift in Sources */ = {isa = PBXBuildFile; fileRef = 9F009B812675D2B500A1FAF2 /* WikiImageListResponseTests.swift */; };
		9F4E0A96267238FC00F2904C /* MediaWikiApp.swift in Sources */ = {isa = PBXBuildFile; fileRef = 9F4E0A95267238FC00F2904C /* MediaWikiApp.swift */; };
		9F4E0A98267238FC00F2904C /* ContentView.swift in Sources */ = {isa = PBXBuildFile; fileRef = 9F4E0A97267238FC00F2904C /* ContentView.swift */; };
		9F4E0A9A267238FD00F2904C /* Assets.xcassets in Resources */ = {isa = PBXBuildFile; fileRef = 9F4E0A99267238FD00F2904C /* Assets.xcassets */; };
		9F4E0A9D267238FD00F2904C /* Preview Assets.xcassets in Resources */ = {isa = PBXBuildFile; fileRef = 9F4E0A9C267238FD00F2904C /* Preview Assets.xcassets */; };
		9F4E0AA8267238FE00F2904C /* mediawikiTests.swift in Sources */ = {isa = PBXBuildFile; fileRef = 9F4E0AA7267238FE00F2904C /* mediawikiTests.swift */; };
		9F4E0AB3267238FE00F2904C /* mediawikiUITests.swift in Sources */ = {isa = PBXBuildFile; fileRef = 9F4E0AB2267238FE00F2904C /* mediawikiUITests.swift */; };
		9F96AA9E2674A6BA00AC0E4C /* Alamofire in Frameworks */ = {isa = PBXBuildFile; productRef = 9F96AA9D2674A6BA00AC0E4C /* Alamofire */; };
		9FDF76C32675E4420032CA2C /* BaseApiProtocol.swift in Sources */ = {isa = PBXBuildFile; fileRef = 9FDF76C22675E4420032CA2C /* BaseApiProtocol.swift */; };
/* End PBXBuildFile section */

/* Begin PBXContainerItemProxy section */
		9F4E0AA4267238FD00F2904C /* PBXContainerItemProxy */ = {
			isa = PBXContainerItemProxy;
			containerPortal = 9F4E0A8A267238FB00F2904C /* Project object */;
			proxyType = 1;
			remoteGlobalIDString = 9F4E0A91267238FC00F2904C;
			remoteInfo = mediawiki;
		};
		9F4E0AAF267238FE00F2904C /* PBXContainerItemProxy */ = {
			isa = PBXContainerItemProxy;
			containerPortal = 9F4E0A8A267238FB00F2904C /* Project object */;
			proxyType = 1;
			remoteGlobalIDString = 9F4E0A91267238FC00F2904C;
			remoteInfo = mediawiki;
		};
/* End PBXContainerItemProxy section */

/* Begin PBXFileReference section */
		9F009B7F2674B22100A1FAF2 /* WikiImageListResponse.swift */ = {isa = PBXFileReference; lastKnownFileType = sourcecode.swift; path = WikiImageListResponse.swift; sourceTree = "<group>"; };
		9F009B812675D2B500A1FAF2 /* WikiImageListResponseTests.swift */ = {isa = PBXFileReference; lastKnownFileType = sourcecode.swift; path = WikiImageListResponseTests.swift; sourceTree = "<group>"; };
		9F4E0A92267238FC00F2904C /* mediawiki.app */ = {isa = PBXFileReference; explicitFileType = wrapper.application; includeInIndex = 0; path = mediawiki.app; sourceTree = BUILT_PRODUCTS_DIR; };
		9F4E0A95267238FC00F2904C /* MediaWikiApp.swift */ = {isa = PBXFileReference; lastKnownFileType = sourcecode.swift; path = MediaWikiApp.swift; sourceTree = "<group>"; };
		9F4E0A97267238FC00F2904C /* ContentView.swift */ = {isa = PBXFileReference; lastKnownFileType = sourcecode.swift; path = ContentView.swift; sourceTree = "<group>"; };
		9F4E0A99267238FD00F2904C /* Assets.xcassets */ = {isa = PBXFileReference; lastKnownFileType = folder.assetcatalog; path = Assets.xcassets; sourceTree = "<group>"; };
		9F4E0A9C267238FD00F2904C /* Preview Assets.xcassets */ = {isa = PBXFileReference; lastKnownFileType = folder.assetcatalog; path = "Preview Assets.xcassets"; sourceTree = "<group>"; };
		9F4E0A9E267238FD00F2904C /* Info.plist */ = {isa = PBXFileReference; lastKnownFileType = text.plist.xml; path = Info.plist; sourceTree = "<group>"; };
		9F4E0AA3267238FD00F2904C /* mediawikiTests.xctest */ = {isa = PBXFileReference; explicitFileType = wrapper.cfbundle; includeInIndex = 0; path = mediawikiTests.xctest; sourceTree = BUILT_PRODUCTS_DIR; };
		9F4E0AA7267238FE00F2904C /* mediawikiTests.swift */ = {isa = PBXFileReference; lastKnownFileType = sourcecode.swift; path = mediawikiTests.swift; sourceTree = "<group>"; };
		9F4E0AA9267238FE00F2904C /* Info.plist */ = {isa = PBXFileReference; lastKnownFileType = text.plist.xml; path = Info.plist; sourceTree = "<group>"; };
		9F4E0AAE267238FE00F2904C /* mediawikiUITests.xctest */ = {isa = PBXFileReference; explicitFileType = wrapper.cfbundle; includeInIndex = 0; path = mediawikiUITests.xctest; sourceTree = BUILT_PRODUCTS_DIR; };
		9F4E0AB2267238FE00F2904C /* mediawikiUITests.swift */ = {isa = PBXFileReference; lastKnownFileType = sourcecode.swift; path = mediawikiUITests.swift; sourceTree = "<group>"; };
		9F4E0AB4267238FE00F2904C /* Info.plist */ = {isa = PBXFileReference; lastKnownFileType = text.plist.xml; path = Info.plist; sourceTree = "<group>"; };
		9FDF76C22675E4420032CA2C /* BaseApiProtocol.swift */ = {isa = PBXFileReference; lastKnownFileType = sourcecode.swift; path = BaseApiProtocol.swift; sourceTree = "<group>"; };
/* End PBXFileReference section */

/* Begin PBXFrameworksBuildPhase section */
		9F4E0A8F267238FC00F2904C /* Frameworks */ = {
			isa = PBXFrameworksBuildPhase;
			buildActionMask = 2147483647;
			files = (
				9F96AA9E2674A6BA00AC0E4C /* Alamofire in Frameworks */,
			);
			runOnlyForDeploymentPostprocessing = 0;
		};
		9F4E0AA0267238FD00F2904C /* Frameworks */ = {
			isa = PBXFrameworksBuildPhase;
			buildActionMask = 2147483647;
			files = (
			);
			runOnlyForDeploymentPostprocessing = 0;
		};
		9F4E0AAB267238FE00F2904C /* Frameworks */ = {
			isa = PBXFrameworksBuildPhase;
			buildActionMask = 2147483647;
			files = (
			);
			runOnlyForDeploymentPostprocessing = 0;
		};
/* End PBXFrameworksBuildPhase section */

/* Begin PBXGroup section */
		9F009B7E2674B1F400A1FAF2 /* DataStructure */ = {
			isa = PBXGroup;
			children = (
				9F009B7F2674B22100A1FAF2 /* WikiImageListResponse.swift */,
			);
			path = DataStructure;
			sourceTree = "<group>";
		};
		9F4E0A89267238FB00F2904C = {
			isa = PBXGroup;
			children = (
				9F4E0A94267238FC00F2904C /* mediaWiki */,
				9F4E0AA6267238FD00F2904C /* mediawikiTests */,
				9F4E0AB1267238FE00F2904C /* mediawikiUITests */,
				9F4E0A93267238FC00F2904C /* Products */,
			);
			sourceTree = "<group>";
		};
		9F4E0A93267238FC00F2904C /* Products */ = {
			isa = PBXGroup;
			children = (
				9F4E0A92267238FC00F2904C /* mediawiki.app */,
				9F4E0AA3267238FD00F2904C /* mediawikiTests.xctest */,
				9F4E0AAE267238FE00F2904C /* mediawikiUITests.xctest */,
			);
			name = Products;
			sourceTree = "<group>";
		};
		9F4E0A94267238FC00F2904C /* mediaWiki */ = {
			isa = PBXGroup;
			children = (
				9FDF76C12675E4060032CA2C /* Utils */,
				9F009B7E2674B1F400A1FAF2 /* DataStructure */,
				9F96AA9F2674A82700AC0E4C /* Model */,
				9F4E0A95267238FC00F2904C /* MediaWikiApp.swift */,
				9F4E0A97267238FC00F2904C /* ContentView.swift */,
				9F4E0A99267238FD00F2904C /* Assets.xcassets */,
				9F4E0A9E267238FD00F2904C /* Info.plist */,
				9F4E0A9B267238FD00F2904C /* Preview Content */,
			);
			path = mediaWiki;
			sourceTree = "<group>";
		};
		9F4E0A9B267238FD00F2904C /* Preview Content */ = {
			isa = PBXGroup;
			children = (
				9F4E0A9C267238FD00F2904C /* Preview Assets.xcassets */,
			);
			path = "Preview Content";
			sourceTree = "<group>";
		};
		9F4E0AA6267238FD00F2904C /* mediawikiTests */ = {
			isa = PBXGroup;
			children = (
				9F4E0AA7267238FE00F2904C /* mediawikiTests.swift */,
				9F4E0AA9267238FE00F2904C /* Info.plist */,
				9F009B812675D2B500A1FAF2 /* WikiImageListResponseTests.swift */,
			);
			path = mediawikiTests;
			sourceTree = "<group>";
		};
		9F4E0AB1267238FE00F2904C /* mediawikiUITests */ = {
			isa = PBXGroup;
			children = (
				9F4E0AB2267238FE00F2904C /* mediawikiUITests.swift */,
				9F4E0AB4267238FE00F2904C /* Info.plist */,
			);
			path = mediawikiUITests;
			sourceTree = "<group>";
		};
		9F96AA9F2674A82700AC0E4C /* Model */ = {
			isa = PBXGroup;
			children = (
			);
			path = Model;
			sourceTree = "<group>";
		};
		9FDF76C12675E4060032CA2C /* Utils */ = {
			isa = PBXGroup;
			children = (
				9FDF76C22675E4420032CA2C /* BaseApiProtocol.swift */,
			);
			path = Utils;
			sourceTree = "<group>";
		};
/* End PBXGroup section */

/* Begin PBXNativeTarget section */
		9F4E0A91267238FC00F2904C /* mediawiki */ = {
			isa = PBXNativeTarget;
			buildConfigurationList = 9F4E0AB7267238FE00F2904C /* Build configuration list for PBXNativeTarget "mediawiki" */;
			buildPhases = (
				9F4E0A8E267238FC00F2904C /* Sources */,
				9F4E0A8F267238FC00F2904C /* Frameworks */,
				9F4E0A90267238FC00F2904C /* Resources */,
			);
			buildRules = (
			);
			dependencies = (
			);
			name = mediawiki;
			packageProductDependencies = (
				9F96AA9D2674A6BA00AC0E4C /* Alamofire */,
			);
			productName = mediawiki;
			productReference = 9F4E0A92267238FC00F2904C /* mediawiki.app */;
			productType = "com.apple.product-type.application";
		};
		9F4E0AA2267238FD00F2904C /* mediawikiTests */ = {
			isa = PBXNativeTarget;
			buildConfigurationList = 9F4E0ABA267238FE00F2904C /* Build configuration list for PBXNativeTarget "mediawikiTests" */;
			buildPhases = (
				9F4E0A9F267238FD00F2904C /* Sources */,
				9F4E0AA0267238FD00F2904C /* Frameworks */,
				9F4E0AA1267238FD00F2904C /* Resources */,
			);
			buildRules = (
			);
			dependencies = (
				9F4E0AA5267238FD00F2904C /* PBXTargetDependency */,
			);
			name = mediawikiTests;
			productName = mediawikiTests;
			productReference = 9F4E0AA3267238FD00F2904C /* mediawikiTests.xctest */;
			productType = "com.apple.product-type.bundle.unit-test";
		};
		9F4E0AAD267238FE00F2904C /* mediawikiUITests */ = {
			isa = PBXNativeTarget;
			buildConfigurationList = 9F4E0ABD267238FE00F2904C /* Build configuration list for PBXNativeTarget "mediawikiUITests" */;
			buildPhases = (
				9F4E0AAA267238FE00F2904C /* Sources */,
				9F4E0AAB267238FE00F2904C /* Frameworks */,
				9F4E0AAC267238FE00F2904C /* Resources */,
			);
			buildRules = (
			);
			dependencies = (
				9F4E0AB0267238FE00F2904C /* PBXTargetDependency */,
			);
			name = mediawikiUITests;
			productName = mediawikiUITests;
			productReference = 9F4E0AAE267238FE00F2904C /* mediawikiUITests.xctest */;
			productType = "com.apple.product-type.bundle.ui-testing";
		};
/* End PBXNativeTarget section */

/* Begin PBXProject section */
		9F4E0A8A267238FB00F2904C /* Project object */ = {
			isa = PBXProject;
			attributes = {
				LastSwiftUpdateCheck = 1250;
				LastUpgradeCheck = 1250;
				TargetAttributes = {
					9F4E0A91267238FC00F2904C = {
						CreatedOnToolsVersion = 12.5;
					};
					9F4E0AA2267238FD00F2904C = {
						CreatedOnToolsVersion = 12.5;
						TestTargetID = 9F4E0A91267238FC00F2904C;
					};
					9F4E0AAD267238FE00F2904C = {
						CreatedOnToolsVersion = 12.5;
						TestTargetID = 9F4E0A91267238FC00F2904C;
					};
				};
			};
			buildConfigurationList = 9F4E0A8D267238FC00F2904C /* Build configuration list for PBXProject "mediawiki" */;
			compatibilityVersion = "Xcode 9.3";
			developmentRegion = en;
			hasScannedForEncodings = 0;
			knownRegions = (
				en,
				Base,
			);
			mainGroup = 9F4E0A89267238FB00F2904C;
			packageReferences = (
				9F96AA9B2674A3A500AC0E4C /* XCRemoteSwiftPackageReference "XcodeGen" */,
				9F96AA9C2674A6BA00AC0E4C /* XCRemoteSwiftPackageReference "Alamofire" */,
			);
			productRefGroup = 9F4E0A93267238FC00F2904C /* Products */;
			projectDirPath = "";
			projectRoot = "";
			targets = (
				9F4E0A91267238FC00F2904C /* mediawiki */,
				9F4E0AA2267238FD00F2904C /* mediawikiTests */,
				9F4E0AAD267238FE00F2904C /* mediawikiUITests */,
			);
		};
/* End PBXProject section */

/* Begin PBXResourcesBuildPhase section */
		9F4E0A90267238FC00F2904C /* Resources */ = {
			isa = PBXResourcesBuildPhase;
			buildActionMask = 2147483647;
			files = (
				9F4E0A9D267238FD00F2904C /* Preview Assets.xcassets in Resources */,
				9F4E0A9A267238FD00F2904C /* Assets.xcassets in Resources */,
			);
			runOnlyForDeploymentPostprocessing = 0;
		};
		9F4E0AA1267238FD00F2904C /* Resources */ = {
			isa = PBXResourcesBuildPhase;
			buildActionMask = 2147483647;
			files = (
			);
			runOnlyForDeploymentPostprocessing = 0;
		};
		9F4E0AAC267238FE00F2904C /* Resources */ = {
			isa = PBXResourcesBuildPhase;
			buildActionMask = 2147483647;
			files = (
			);
			runOnlyForDeploymentPostprocessing = 0;
		};
/* End PBXResourcesBuildPhase section */

/* Begin PBXSourcesBuildPhase section */
		9F4E0A8E267238FC00F2904C /* Sources */ = {
			isa = PBXSourcesBuildPhase;
			buildActionMask = 2147483647;
			files = (
				9F009B802674B22100A1FAF2 /* WikiImageListResponse.swift in Sources */,
				9F4E0A98267238FC00F2904C /* ContentView.swift in Sources */,
				9F4E0A96267238FC00F2904C /* MediaWikiApp.swift in Sources */,
				9FDF76C32675E4420032CA2C /* BaseApiProtocol.swift in Sources */,
			);
			runOnlyForDeploymentPostprocessing = 0;
		};
		9F4E0A9F267238FD00F2904C /* Sources */ = {
			isa = PBXSourcesBuildPhase;
			buildActionMask = 2147483647;
			files = (
				9F009B822675D2B500A1FAF2 /* WikiImageListResponseTests.swift in Sources */,
				9F4E0AA8267238FE00F2904C /* mediawikiTests.swift in Sources */,
			);
			runOnlyForDeploymentPostprocessing = 0;
		};
		9F4E0AAA267238FE00F2904C /* Sources */ = {
			isa = PBXSourcesBuildPhase;
			buildActionMask = 2147483647;
			files = (
				9F4E0AB3267238FE00F2904C /* mediawikiUITests.swift in Sources */,
			);
			runOnlyForDeploymentPostprocessing = 0;
		};
/* End PBXSourcesBuildPhase section */

/* Begin PBXTargetDependency section */
		9F4E0AA5267238FD00F2904C /* PBXTargetDependency */ = {
			isa = PBXTargetDependency;
			target = 9F4E0A91267238FC00F2904C /* mediawiki */;
			targetProxy = 9F4E0AA4267238FD00F2904C /* PBXContainerItemProxy */;
		};
		9F4E0AB0267238FE00F2904C /* PBXTargetDependency */ = {
			isa = PBXTargetDependency;
			target = 9F4E0A91267238FC00F2904C /* mediawiki */;
			targetProxy = 9F4E0AAF267238FE00F2904C /* PBXContainerItemProxy */;
		};
/* End PBXTargetDependency section */

/* Begin XCBuildConfiguration section */
		9F4E0AB5267238FE00F2904C /* Debug */ = {
			isa = XCBuildConfiguration;
			buildSettings = {
				ALWAYS_SEARCH_USER_PATHS = NO;
				CLANG_ANALYZER_NONNULL = YES;
				CLANG_ANALYZER_NUMBER_OBJECT_CONVERSION = YES_AGGRESSIVE;
				CLANG_CXX_LANGUAGE_STANDARD = "gnu++14";
				CLANG_CXX_LIBRARY = "libc++";
				CLANG_ENABLE_MODULES = YES;
				CLANG_ENABLE_OBJC_ARC = YES;
				CLANG_ENABLE_OBJC_WEAK = YES;
				CLANG_WARN_BLOCK_CAPTURE_AUTORELEASING = YES;
				CLANG_WARN_BOOL_CONVERSION = YES;
				CLANG_WARN_COMMA = YES;
				CLANG_WARN_CONSTANT_CONVERSION = YES;
				CLANG_WARN_DEPRECATED_OBJC_IMPLEMENTATIONS = YES;
				CLANG_WARN_DIRECT_OBJC_ISA_USAGE = YES_ERROR;
				CLANG_WARN_DOCUMENTATION_COMMENTS = YES;
				CLANG_WARN_EMPTY_BODY = YES;
				CLANG_WARN_ENUM_CONVERSION = YES;
				CLANG_WARN_INFINITE_RECURSION = YES;
				CLANG_WARN_INT_CONVERSION = YES;
				CLANG_WARN_NON_LITERAL_NULL_CONVERSION = YES;
				CLANG_WARN_OBJC_IMPLICIT_RETAIN_SELF = YES;
				CLANG_WARN_OBJC_LITERAL_CONVERSION = YES;
				CLANG_WARN_OBJC_ROOT_CLASS = YES_ERROR;
				CLANG_WARN_QUOTED_INCLUDE_IN_FRAMEWORK_HEADER = YES;
				CLANG_WARN_RANGE_LOOP_ANALYSIS = YES;
				CLANG_WARN_STRICT_PROTOTYPES = YES;
				CLANG_WARN_SUSPICIOUS_MOVE = YES;
				CLANG_WARN_UNGUARDED_AVAILABILITY = YES_AGGRESSIVE;
				CLANG_WARN_UNREACHABLE_CODE = YES;
				CLANG_WARN__DUPLICATE_METHOD_MATCH = YES;
				COPY_PHASE_STRIP = NO;
				DEBUG_INFORMATION_FORMAT = dwarf;
				ENABLE_STRICT_OBJC_MSGSEND = YES;
				ENABLE_TESTABILITY = YES;
				GCC_C_LANGUAGE_STANDARD = gnu11;
				GCC_DYNAMIC_NO_PIC = NO;
				GCC_NO_COMMON_BLOCKS = YES;
				GCC_OPTIMIZATION_LEVEL = 0;
				GCC_PREPROCESSOR_DEFINITIONS = (
					"DEBUG=1",
					"$(inherited)",
				);
				GCC_WARN_64_TO_32_BIT_CONVERSION = YES;
				GCC_WARN_ABOUT_RETURN_TYPE = YES_ERROR;
				GCC_WARN_UNDECLARED_SELECTOR = YES;
				GCC_WARN_UNINITIALIZED_AUTOS = YES_AGGRESSIVE;
				GCC_WARN_UNUSED_FUNCTION = YES;
				GCC_WARN_UNUSED_VARIABLE = YES;
				IPHONEOS_DEPLOYMENT_TARGET = 14.5;
				MTL_ENABLE_DEBUG_INFO = INCLUDE_SOURCE;
				MTL_FAST_MATH = YES;
				ONLY_ACTIVE_ARCH = YES;
				SDKROOT = iphoneos;
				SWIFT_ACTIVE_COMPILATION_CONDITIONS = DEBUG;
				SWIFT_OPTIMIZATION_LEVEL = "-Onone";
			};
			name = Debug;
		};
		9F4E0AB6267238FE00F2904C /* Release */ = {
			isa = XCBuildConfiguration;
			buildSettings = {
				ALWAYS_SEARCH_USER_PATHS = NO;
				CLANG_ANALYZER_NONNULL = YES;
				CLANG_ANALYZER_NUMBER_OBJECT_CONVERSION = YES_AGGRESSIVE;
				CLANG_CXX_LANGUAGE_STANDARD = "gnu++14";
				CLANG_CXX_LIBRARY = "libc++";
				CLANG_ENABLE_MODULES = YES;
				CLANG_ENABLE_OBJC_ARC = YES;
				CLANG_ENABLE_OBJC_WEAK = YES;
				CLANG_WARN_BLOCK_CAPTURE_AUTORELEASING = YES;
				CLANG_WARN_BOOL_CONVERSION = YES;
				CLANG_WARN_COMMA = YES;
				CLANG_WARN_CONSTANT_CONVERSION = YES;
				CLANG_WARN_DEPRECATED_OBJC_IMPLEMENTATIONS = YES;
				CLANG_WARN_DIRECT_OBJC_ISA_USAGE = YES_ERROR;
				CLANG_WARN_DOCUMENTATION_COMMENTS = YES;
				CLANG_WARN_EMPTY_BODY = YES;
				CLANG_WARN_ENUM_CONVERSION = YES;
				CLANG_WARN_INFINITE_RECURSION = YES;
				CLANG_WARN_INT_CONVERSION = YES;
				CLANG_WARN_NON_LITERAL_NULL_CONVERSION = YES;
				CLANG_WARN_OBJC_IMPLICIT_RETAIN_SELF = YES;
				CLANG_WARN_OBJC_LITERAL_CONVERSION = YES;
				CLANG_WARN_OBJC_ROOT_CLASS = YES_ERROR;
				CLANG_WARN_QUOTED_INCLUDE_IN_FRAMEWORK_HEADER = YES;
				CLANG_WARN_RANGE_LOOP_ANALYSIS = YES;
				CLANG_WARN_STRICT_PROTOTYPES = YES;
				CLANG_WARN_SUSPICIOUS_MOVE = YES;
				CLANG_WARN_UNGUARDED_AVAILABILITY = YES_AGGRESSIVE;
				CLANG_WARN_UNREACHABLE_CODE = YES;
				CLANG_WARN__DUPLICATE_METHOD_MATCH = YES;
				COPY_PHASE_STRIP = NO;
				DEBUG_INFORMATION_FORMAT = "dwarf-with-dsym";
				ENABLE_NS_ASSERTIONS = NO;
				ENABLE_STRICT_OBJC_MSGSEND = YES;
				GCC_C_LANGUAGE_STANDARD = gnu11;
				GCC_NO_COMMON_BLOCKS = YES;
				GCC_WARN_64_TO_32_BIT_CONVERSION = YES;
				GCC_WARN_ABOUT_RETURN_TYPE = YES_ERROR;
				GCC_WARN_UNDECLARED_SELECTOR = YES;
				GCC_WARN_UNINITIALIZED_AUTOS = YES_AGGRESSIVE;
				GCC_WARN_UNUSED_FUNCTION = YES;
				GCC_WARN_UNUSED_VARIABLE = YES;
				IPHONEOS_DEPLOYMENT_TARGET = 14.5;
				MTL_ENABLE_DEBUG_INFO = NO;
				MTL_FAST_MATH = YES;
				SDKROOT = iphoneos;
				SWIFT_COMPILATION_MODE = wholemodule;
				SWIFT_OPTIMIZATION_LEVEL = "-O";
				VALIDATE_PRODUCT = YES;
			};
			name = Release;
		};
		9F4E0AB8267238FE00F2904C /* Debug */ = {
			isa = XCBuildConfiguration;
			buildSettings = {
				ASSETCATALOG_COMPILER_APPICON_NAME = AppIcon;
				ASSETCATALOG_COMPILER_GLOBAL_ACCENT_COLOR_NAME = AccentColor;
				CODE_SIGN_STYLE = Automatic;
				DEVELOPMENT_ASSET_PATHS = "\"mediawiki/Preview Content\"";
				DEVELOPMENT_TEAM = 6JRLQFYZ26;
				ENABLE_PREVIEWS = YES;
				INFOPLIST_FILE = mediawiki/Info.plist;
				IPHONEOS_DEPLOYMENT_TARGET = 14.0;
				LD_RUNPATH_SEARCH_PATHS = (
					"$(inherited)",
					"@executable_path/Frameworks",
				);
				PRODUCT_BUNDLE_IDENTIFIER = com.takutoki.mediawiki;
				PRODUCT_NAME = "$(TARGET_NAME)";
				SWIFT_VERSION = 5.0;
				TARGETED_DEVICE_FAMILY = "1,2";
			};
			name = Debug;
		};
		9F4E0AB9267238FE00F2904C /* Release */ = {
			isa = XCBuildConfiguration;
			buildSettings = {
				ASSETCATALOG_COMPILER_APPICON_NAME = AppIcon;
				ASSETCATALOG_COMPILER_GLOBAL_ACCENT_COLOR_NAME = AccentColor;
				CODE_SIGN_STYLE = Automatic;
				DEVELOPMENT_ASSET_PATHS = "\"mediawiki/Preview Content\"";
				DEVELOPMENT_TEAM = 6JRLQFYZ26;
				ENABLE_PREVIEWS = YES;
				INFOPLIST_FILE = mediawiki/Info.plist;
				IPHONEOS_DEPLOYMENT_TARGET = 14.0;
				LD_RUNPATH_SEARCH_PATHS = (
					"$(inherited)",
					"@executable_path/Frameworks",
				);
				PRODUCT_BUNDLE_IDENTIFIER = com.takutoki.mediawiki;
				PRODUCT_NAME = "$(TARGET_NAME)";
				SWIFT_VERSION = 5.0;
				TARGETED_DEVICE_FAMILY = "1,2";
			};
			name = Release;
		};
		9F4E0ABB267238FE00F2904C /* Debug */ = {
			isa = XCBuildConfiguration;
			buildSettings = {
				ALWAYS_EMBED_SWIFT_STANDARD_LIBRARIES = YES;
				BUNDLE_LOADER = "$(TEST_HOST)";
				CODE_SIGN_STYLE = Automatic;
				DEVELOPMENT_TEAM = 6JRLQFYZ26;
				INFOPLIST_FILE = mediawikiTests/Info.plist;
				IPHONEOS_DEPLOYMENT_TARGET = 14.0;
				LD_RUNPATH_SEARCH_PATHS = (
					"$(inherited)",
					"@executable_path/Frameworks",
					"@loader_path/Frameworks",
				);
				PRODUCT_BUNDLE_IDENTIFIER = com.takutoki.mediawikiTests;
				PRODUCT_NAME = "$(TARGET_NAME)";
				SWIFT_VERSION = 5.0;
				TARGETED_DEVICE_FAMILY = "1,2";
				TEST_HOST = "$(BUILT_PRODUCTS_DIR)/mediawiki.app/mediawiki";
			};
			name = Debug;
		};
		9F4E0ABC267238FE00F2904C /* Release */ = {
			isa = XCBuildConfiguration;
			buildSettings = {
				ALWAYS_EMBED_SWIFT_STANDARD_LIBRARIES = YES;
				BUNDLE_LOADER = "$(TEST_HOST)";
				CODE_SIGN_STYLE = Automatic;
				DEVELOPMENT_TEAM = 6JRLQFYZ26;
				INFOPLIST_FILE = mediawikiTests/Info.plist;
				IPHONEOS_DEPLOYMENT_TARGET = 14.0;
				LD_RUNPATH_SEARCH_PATHS = (
					"$(inherited)",
					"@executable_path/Frameworks",
					"@loader_path/Frameworks",
				);
				PRODUCT_BUNDLE_IDENTIFIER = com.takutoki.mediawikiTests;
				PRODUCT_NAME = "$(TARGET_NAME)";
				SWIFT_VERSION = 5.0;
				TARGETED_DEVICE_FAMILY = "1,2";
				TEST_HOST = "$(BUILT_PRODUCTS_DIR)/mediawiki.app/mediawiki";
			};
			name = Release;
		};
		9F4E0ABE267238FE00F2904C /* Debug */ = {
			isa = XCBuildConfiguration;
			buildSettings = {
				ALWAYS_EMBED_SWIFT_STANDARD_LIBRARIES = YES;
				CODE_SIGN_STYLE = Automatic;
				DEVELOPMENT_TEAM = 6JRLQFYZ26;
				INFOPLIST_FILE = mediawikiUITests/Info.plist;
				LD_RUNPATH_SEARCH_PATHS = (
					"$(inherited)",
					"@executable_path/Frameworks",
					"@loader_path/Frameworks",
				);
				PRODUCT_BUNDLE_IDENTIFIER = com.takutoki.mediawikiUITests;
				PRODUCT_NAME = "$(TARGET_NAME)";
				SWIFT_VERSION = 5.0;
				TARGETED_DEVICE_FAMILY = "1,2";
				TEST_TARGET_NAME = mediawiki;
			};
			name = Debug;
		};
		9F4E0ABF267238FE00F2904C /* Release */ = {
			isa = XCBuildConfiguration;
			buildSettings = {
				ALWAYS_EMBED_SWIFT_STANDARD_LIBRARIES = YES;
				CODE_SIGN_STYLE = Automatic;
				DEVELOPMENT_TEAM = 6JRLQFYZ26;
				INFOPLIST_FILE = mediawikiUITests/Info.plist;
				LD_RUNPATH_SEARCH_PATHS = (
					"$(inherited)",
					"@executable_path/Frameworks",
					"@loader_path/Frameworks",
				);
				PRODUCT_BUNDLE_IDENTIFIER = com.takutoki.mediawikiUITests;
				PRODUCT_NAME = "$(TARGET_NAME)";
				SWIFT_VERSION = 5.0;
				TARGETED_DEVICE_FAMILY = "1,2";
				TEST_TARGET_NAME = mediawiki;
			};
			name = Release;
		};
/* End XCBuildConfiguration section */

/* Begin XCConfigurationList section */
		9F4E0A8D267238FC00F2904C /* Build configuration list for PBXProject "mediawiki" */ = {
			isa = XCConfigurationList;
			buildConfigurations = (
				9F4E0AB5267238FE00F2904C /* Debug */,
				9F4E0AB6267238FE00F2904C /* Release */,
			);
			defaultConfigurationIsVisible = 0;
			defaultConfigurationName = Release;
		};
		9F4E0AB7267238FE00F2904C /* Build configuration list for PBXNativeTarget "mediawiki" */ = {
			isa = XCConfigurationList;
			buildConfigurations = (
				9F4E0AB8267238FE00F2904C /* Debug */,
				9F4E0AB9267238FE00F2904C /* Release */,
			);
			defaultConfigurationIsVisible = 0;
			defaultConfigurationName = Release;
		};
		9F4E0ABA267238FE00F2904C /* Build configuration list for PBXNativeTarget "mediawikiTests" */ = {
			isa = XCConfigurationList;
			buildConfigurations = (
				9F4E0ABB267238FE00F2904C /* Debug */,
				9F4E0ABC267238FE00F2904C /* Release */,
			);
			defaultConfigurationIsVisible = 0;
			defaultConfigurationName = Release;
		};
		9F4E0ABD267238FE00F2904C /* Build configuration list for PBXNativeTarget "mediawikiUITests" */ = {
			isa = XCConfigurationList;
			buildConfigurations = (
				9F4E0ABE267238FE00F2904C /* Debug */,
				9F4E0ABF267238FE00F2904C /* Release */,
			);
			defaultConfigurationIsVisible = 0;
			defaultConfigurationName = Release;
		};
/* End XCConfigurationList section */

/* Begin XCRemoteSwiftPackageReference section */
		9F96AA9B2674A3A500AC0E4C /* XCRemoteSwiftPackageReference "XcodeGen" */ = {
			isa = XCRemoteSwiftPackageReference;
			repositoryURL = "https://github.com/yonaskolb/XcodeGen";
			requirement = {
				kind = upToNextMajorVersion;
				minimumVersion = 2.23.1;
			};
		};
		9F96AA9C2674A6BA00AC0E4C /* XCRemoteSwiftPackageReference "Alamofire" */ = {
			isa = XCRemoteSwiftPackageReference;
			repositoryURL = "https://github.com/Alamofire/Alamofire";
			requirement = {
				kind = upToNextMajorVersion;
				minimumVersion = 5.4.3;
			};
		};
/* End XCRemoteSwiftPackageReference section */

/* Begin XCSwiftPackageProductDependency section */
		9F96AA9D2674A6BA00AC0E4C /* Alamofire */ = {
			isa = XCSwiftPackageProductDependency;
			package = 9F96AA9C2674A6BA00AC0E4C /* XCRemoteSwiftPackageReference "Alamofire" */;
			productName = Alamofire;
		};
/* End XCSwiftPackageProductDependency section */
	};
	rootObject = 9F4E0A8A267238FB00F2904C /* Project object */;
}
